<?xml version="1.0" encoding="utf-8"?>
<Project ToolsVersion="4.0" xmlns="http://schemas.microsoft.com/developer/msbuild/2003">
  <ItemGroup>
    <Filter Include="Source Files">
      <UniqueIdentifier>{4FC737F1-C7A5-4376-A066-2A32D752A2FF}</UniqueIdentifier>
      <Extensions>cpp;c;cc;cxx;c++;cppm;ixx;def;odl;idl;hpj;bat;asm;asmx</Extensions>
    </Filter>
    <Filter Include="Header Files">
      <UniqueIdentifier>{93995380-89BD-4b04-88EB-625FBE52EBFB}</UniqueIdentifier>
      <Extensions>h;hh;hpp;hxx;h++;hm;inl;inc;ipp;xsd</Extensions>
    </Filter>
  </ItemGroup>
  <ItemGroup>
    <ClInclude Include="patcher.h">
      <Filter>Header Files</Filter>
    </ClInclude>
    <ClInclude Include="iat_hook.h">
      <Filter>Header Files</Filter>
    </ClInclude>
    <ClInclude Include="qt_hider.h">
      <Filter>Header Files</Filter>
    </ClInclude>
    <ClInclude Include="qt_widget_hider.h">
      <Filter>Header Files</Filter>
    </ClInclude>
    <ClInclude Include="name_patcher.h">
      <Filter>Header Files</Filter>
    </ClInclude>
    <ClInclude Include="udp_relay.h">
      <Filter>Header Files</Filter>
    </ClInclude>
    <ClInclude Include="studio_print.h">
      <Filter>Header Files</Filter>
    </ClInclude>
    <ClInclude Include="port_remap.h">
      <Filter>Header Files</Filter>
    </ClInclude>
    <ClInclude Include="auto_recovery.h">
      <Filter>Header Files</Filter>
    </ClInclude>
    <ClInclude Include="identity_patch.h">
      <Filter>Header Files</Filter>
    </ClInclude>
    <ClInclude Include="script_start_hook.h">
      <Filter>Header Files</Filter>
    </ClInclude>
    <ClInclude Include="rcc_patch.h">
      <Filter>Header Files</Filter>
    </ClInclude>
  </ItemGroup>
  <ItemGroup>
    <ClCompile Include="dllmain.cpp">
      <Filter>Source Files</Filter>
    </ClCompile>
    <ClCompile Include="iat_hook.cpp">
      <Filter>Source Files</Filter>
    </ClCompile>
    <ClCompile Include="qt_hider.cpp">
      <Filter>Source Files</Filter>
    </ClCompile>
    <ClCompile Include="qt_widget_hider.cpp">
      <Filter>Source Files</Filter>
    </ClCompile>
    <ClCompile Include="name_patcher.cpp">
      <Filter>Source Files</Filter>
    </ClCompile>
    <ClCompile Include="udp_relay.cpp">
      <Filter>Source Files</Filter>
    </ClCompile>
    <ClCompile Include="studio_print.cpp">
      <Filter>Source Files</Filter>
    </ClCompile>
    <ClCompile Include="port_remap.cpp">
      <Filter>Source Files</Filter>
    </ClCompile>
    <ClCompile Include="auto_recovery.cpp">
      <Filter>Source Files</Filter>
    </ClCompile>
    <ClCompile Include="identity_patch.cpp">
      <Filter>Source Files</Filter>
    </ClCompile>
    <ClCompile Include="script_start_hook.cpp">
      <Filter>Source Files</Filter>
    </ClCompile>
    <ClCompile Include="rcc_patch.cpp">
      <Filter>Source Files</Filter>
    </ClCompile>
  </ItemGroup>
  <ItemGroup>
    <None Include="RobloxStudioPatcher.def">
      <Filter>Source Files</Filter>
    </None>
  </ItemGroup>
</Project>